
Microsoft Visual Studio Solution File, Format Version 12.00
# Visual Studio 14
VisualStudioVersion = 14.0.23107.0
MinimumVisualStudioVersion = 10.0.40219.1
Project("{FAE04EC0-301F-11D3-BF4B-00C04F79EFBC}") = "DemoGitHub", "DemoGitHub\DemoGitHub.csproj", "{D077C2F2-A84F-4223-A223-CAFC471B00F5}"
EndProject
Project("{FAE04EC0-301F-11D3-BF4B-00C04F79EFBC}") = "DemoGitHub.Tests", "DemoGitHub.Tests\DemoGitHub.Tests.csproj", "{C63BF663-6D93-4D27-84E9-B4DCD624A485}"
EndProject
Global
	GlobalSection(SolutionConfigurationPlatforms) = preSolution
		Debug|Any CPU = Debug|Any CPU
		Release|Any CPU = Release|Any CPU
	EndGlobalSection
	GlobalSection(ProjectConfigurationPlatforms) = postSolution
		{D077C2F2-A84F-4223-A223-CAFC471B00F5}.Debug|Any CPU.ActiveCfg = Debug|Any CPU
		{D077C2F2-A84F-4223-A223-CAFC471B00F5}.Debug|Any CPU.Build.0 = Debug|Any CPU
		{D077C2F2-A84F-4223-A223-CAFC471B00F5}.Release|Any CPU.ActiveCfg = Release|Any CPU
		{D077C2F2-A84F-4223-A223-CAFC471B00F5}.Release|Any CPU.Build.0 = Release|Any CPU
		{C63BF663-6D93-4D27-84E9-B4DCD624A485}.Debug|Any CPU.ActiveCfg = Debug|Any CPU
		{C63BF663-6D93-4D27-84E9-B4DCD624A485}.Debug|Any CPU.Build.0 = Debug|Any CPU
		{C63BF663-6D93-4D27-84E9-B4DCD624A485}.Release|Any CPU.ActiveCfg = Release|Any CPU
		{C63BF663-6D93-4D27-84E9-B4DCD624A485}.Release|Any CPU.Build.0 = Release|Any CPU
	EndGlobalSection
	GlobalSection(SolutionProperties) = preSolution
		HideSolutionNode = FALSE
	EndGlobalSection
EndGlobal
